Microsoft Visual Studio Solution File, Format Version 12.00
# Visual Studio Version 16
VisualStudioVersion = 16.0.29709.97
MinimumVisualStudioVersion = 10.0.40219.1
Project("{9A19103F-16F7-4668-BE54-9A1E7A4F7556}") = "LogitechAudioVisualizer", "LogitechAudioVisualizer.csproj", "{10CCAB5E-1606-4835-9C93-0070D97416B1}"
EndProject
Global
	GlobalSection(SolutionConfigurationPlatforms) = preSolution
		Debug|Any CPU = Debug|Any CPU
		Release|Any CPU = Release|Any CPU
	EndGlobalSection
	GlobalSection(ProjectConfigurationPlatforms) = postSolution
		{10CCAB5E-1606-4835-9C93-0070D97416B1}.Debug|Any CPU.ActiveCfg = Debug|Any CPU
		{10CCAB5E-1606-4835-9C93-0070D97416B1}.Debug|Any CPU.Build.0 = Debug|Any CPU
		{10CCAB5E-1606-4835-9C93-0070D97416B1}.Release|Any CPU.ActiveCfg = Release|Any CPU
		{10CCAB5E-1606-4835-9C93-0070D97416B1}.Release|Any CPU.Build.0 = Release|Any CPU
	EndGlobalSection
	GlobalSection(SolutionProperties) = preSolution
		HideSolutionNode = FALSE
	EndGlobalSection
	GlobalSection(ExtensibilityGlobals) = postSolution
		SolutionGuid = {1F258C34-48F3-4738-8CA6-FCEFF929FC73}
	EndGlobalSection
EndGlobal
